{
  "version": 4,
  "terraform_version": "0.13.5",
  "serial": 176,
  "lineage": "726c7ab1-dd13-d269-6cdb-d5359142560f",
  "outputs": {},
  "resources": [
    {
      "mode": "data",
      "type": "archive_file",
      "name": "lambda_function",
      "provider": "provider[\"registry.terraform.io/hashicorp/archive\"]",
      "instances": [
        {
          "schema_version": 0,
          "attributes": {
            "excludes": null,
            "id": "081948326157f9665dd43bc4af7a423bb6677ab5",
            "output_base64sha256": "hFQpXTfqFpoECk6W76Ka3bqZTUGEALS50Yl1wJR9PkI=",
            "output_md5": "2be452f138e138c7b2bfb00c107a6217",
            "output_path": "./lambda_function.zip",
            "output_sha": "081948326157f9665dd43bc4af7a423bb6677ab5",
            "output_size": 765,
            "source": [],
            "source_content": null,
            "source_content_filename": null,
            "source_dir": null,
            "source_file": "resizePy_lambda.py",
            "type": "zip"
          }
        }
      ]
    },
    {
      "mode": "managed",
      "type": "aws_iam_role",
      "name": "resizepylambda_role",
      "provider": "provider[\"registry.terraform.io/hashicorp/aws\"]",
      "instances": [
        {
          "schema_version": 0,
          "attributes": {
            "arn": "arn:aws:iam::216707599615:role/resizepylambda_role",
            "assume_role_policy": "{\"Version\":\"2012-10-17\",\"Statement\":[{\"Sid\":\"\",\"Effect\":\"Allow\",\"Principal\":{\"Service\":\"lambda.amazonaws.com\"},\"Action\":\"sts:AssumeRole\"}]}",
            "create_date": "2020-11-13T21:08:07Z",
            "description": "",
            "force_detach_policies": false,
            "id": "resizepylambda_role",
            "max_session_duration": 3600,
            "name": "resizepylambda_role",
            "name_prefix": null,
            "path": "/",
            "permissions_boundary": null,
            "tags": null,
            "unique_id": "AROATE5GHRT7R5I5D2HQQ"
          },
          "private": "bnVsbA=="
        }
      ]
    },
    {
      "mode": "managed",
      "type": "aws_iam_role_policy",
      "name": "resizepylambda_policy",
      "provider": "provider[\"registry.terraform.io/hashicorp/aws\"]",
      "instances": [
        {
          "schema_version": 0,
          "attributes": {
            "id": "resizepylambda_role:resizepylambda_policy",
            "name": "resizepylambda_policy",
            "name_prefix": null,
            "policy": "{\r\n  \"Version\": \"2012-10-17\",\r\n  \"Statement\": [\r\n    {\r\n      \"Sid\": \"Stmt1605223329065\",\r\n      \"Action\": \"s3:*\",\r\n      \"Effect\": \"Allow\",\r\n      \"Resource\": \"*\"\r\n    },\r\n    {\r\n      \"Sid\": \"Stmt1605223362370\",\r\n      \"Action\": \"logs:*\",\r\n      \"Effect\": \"Allow\",\r\n      \"Resource\": \"*\"\r\n    }\r\n  ]\r\n}",
            "role": "resizepylambda_role"
          },
          "private": "bnVsbA==",
          "dependencies": [
            "aws_iam_role.resizepylambda_role"
          ]
        }
      ]
    },
    {
      "mode": "managed",
      "type": "aws_lambda_function",
      "name": "resizePy_lambda",
      "provider": "provider[\"registry.terraform.io/hashicorp/aws\"]",
      "instances": [
        {
          "schema_version": 0,
          "attributes": {
            "arn": "arn:aws:lambda:us-east-1:216707599615:function:resizePy_lambda",
            "dead_letter_config": [],
            "description": "The function download and resize an object from one bucket and store it in another bucket",
            "environment": [],
            "file_system_config": [],
            "filename": "./lambda_function.zip",
            "function_name": "resizePy_lambda",
            "handler": "resizePy_lambda.lambda_handler",
            "id": "resizePy_lambda",
            "invoke_arn": "arn:aws:apigateway:us-east-1:lambda:path/2015-03-31/functions/arn:aws:lambda:us-east-1:216707599615:function:resizePy_lambda/invocations",
            "kms_key_arn": "",
            "last_modified": "2020-11-13T21:08:17.209+0000",
            "layers": [
              "arn:aws:lambda:us-east-1:770693421928:layer:Klayers-python38-Pillow:7"
            ],
            "memory_size": 128,
            "publish": false,
            "qualified_arn": "arn:aws:lambda:us-east-1:216707599615:function:resizePy_lambda:$LATEST",
            "reserved_concurrent_executions": -1,
            "role": "arn:aws:iam::216707599615:role/resizepylambda_role",
            "runtime": "python3.8",
            "s3_bucket": null,
            "s3_key": null,
            "s3_object_version": null,
            "source_code_hash": "hFQpXTfqFpoECk6W76Ka3bqZTUGEALS50Yl1wJR9PkI=",
            "source_code_size": 765,
            "tags": null,
            "timeout": 3,
            "timeouts": null,
            "tracing_config": [
              {
                "mode": "PassThrough"
              }
            ],
            "version": "$LATEST",
            "vpc_config": []
          },
          "private": "eyJlMmJmYjczMC1lY2FhLTExZTYtOGY4OC0zNDM2M2JjN2M0YzAiOnsiY3JlYXRlIjo2MDAwMDAwMDAwMDB9fQ==",
          "dependencies": [
            "aws_iam_role.resizepylambda_role"
          ]
        }
      ]
    },
    {
      "mode": "managed",
      "type": "aws_lambda_permission",
      "name": "allow_bucket",
      "provider": "provider[\"registry.terraform.io/hashicorp/aws\"]",
      "instances": [
        {
          "schema_version": 0,
          "attributes": {
            "action": "lambda:InvokeFunction",
            "event_source_token": null,
            "function_name": "arn:aws:lambda:us-east-1:216707599615:function:resizePy_lambda",
            "id": "AllowExecutionFromS3Bucket",
            "principal": "s3.amazonaws.com",
            "qualifier": "",
            "source_account": null,
            "source_arn": "arn:aws:s3:::originbucket-jak",
            "statement_id": "AllowExecutionFromS3Bucket",
            "statement_id_prefix": null
          },
          "private": "bnVsbA==",
          "dependencies": [
            "aws_iam_role.resizepylambda_role",
            "aws_lambda_function.resizePy_lambda",
            "aws_s3_bucket.originbucket-jak"
          ]
        }
      ]
    },
    {
      "mode": "managed",
      "type": "aws_s3_bucket",
      "name": "destbucket-jak",
      "provider": "provider[\"registry.terraform.io/hashicorp/aws\"]",
      "instances": [
        {
          "schema_version": 0,
          "attributes": {
            "acceleration_status": "",
            "acl": "private",
            "arn": "arn:aws:s3:::destbucket-jak",
            "bucket": "destbucket-jak",
            "bucket_domain_name": "destbucket-jak.s3.amazonaws.com",
            "bucket_prefix": null,
            "bucket_regional_domain_name": "destbucket-jak.s3.amazonaws.com",
            "cors_rule": [],
            "force_destroy": false,
            "grant": [],
            "hosted_zone_id": "Z3AQBSTGFYJSTF",
            "id": "destbucket-jak",
            "lifecycle_rule": [],
            "logging": [],
            "object_lock_configuration": [],
            "policy": null,
            "region": "us-east-1",
            "replication_configuration": [],
            "request_payer": "BucketOwner",
            "server_side_encryption_configuration": [],
            "tags": null,
            "versioning": [
              {
                "enabled": false,
                "mfa_delete": false
              }
            ],
            "website": [],
            "website_domain": null,
            "website_endpoint": null
          },
          "private": "bnVsbA=="
        }
      ]
    },
    {
      "mode": "managed",
      "type": "aws_s3_bucket",
      "name": "originbucket-jak",
      "provider": "provider[\"registry.terraform.io/hashicorp/aws\"]",
      "instances": [
        {
          "schema_version": 0,
          "attributes": {
            "acceleration_status": "",
            "acl": "private",
            "arn": "arn:aws:s3:::originbucket-jak",
            "bucket": "originbucket-jak",
            "bucket_domain_name": "originbucket-jak.s3.amazonaws.com",
            "bucket_prefix": null,
            "bucket_regional_domain_name": "originbucket-jak.s3.amazonaws.com",
            "cors_rule": [],
            "force_destroy": false,
            "grant": [],
            "hosted_zone_id": "Z3AQBSTGFYJSTF",
            "id": "originbucket-jak",
            "lifecycle_rule": [],
            "logging": [],
            "object_lock_configuration": [],
            "policy": null,
            "region": "us-east-1",
            "replication_configuration": [],
            "request_payer": "BucketOwner",
            "server_side_encryption_configuration": [],
            "tags": null,
            "versioning": [
              {
                "enabled": false,
                "mfa_delete": false
              }
            ],
            "website": [],
            "website_domain": null,
            "website_endpoint": null
          },
          "private": "bnVsbA=="
        }
      ]
    },
    {
      "mode": "managed",
      "type": "aws_s3_bucket_notification",
      "name": "the_trigger",
      "provider": "provider[\"registry.terraform.io/hashicorp/aws\"]",
      "instances": [
        {
          "schema_version": 0,
          "attributes": {
            "bucket": "originbucket-jak",
            "id": "originbucket-jak",
            "lambda_function": [
              {
                "events": [
                  "s3:ObjectCreated:Put"
                ],
                "filter_prefix": "",
                "filter_suffix": "",
                "id": "tf-s3-lambda-20201113210826459600000001",
                "lambda_function_arn": "arn:aws:lambda:us-east-1:216707599615:function:resizePy_lambda"
              }
            ],
            "queue": [],
            "topic": []
          },
          "private": "bnVsbA==",
          "dependencies": [
            "aws_iam_role.resizepylambda_role",
            "aws_lambda_function.resizePy_lambda",
            "aws_lambda_permission.allow_bucket",
            "aws_s3_bucket.originbucket-jak"
          ]
        }
      ]
    }
  ]
}
